
Microsoft Visual Studio Solution File, Format Version 12.00
# Visual Studio Version 16
VisualStudioVersion = 16.0.30804.86
MinimumVisualStudioVersion = 10.0.40219.1
Project("{9A19103F-16F7-4668-BE54-9A1E7A4F7556}") = "DataAnalysis", "DataAnalysis\DataAnalysis.csproj", "{1DAE8D1A-A9E7-4724-AA23-B48B32A0495C}"
EndProject
Project("{FAE04EC0-301F-11D3-BF4B-00C04F79EFBC}") = "DataAnalysis.Domain", "DataAnalysis.Domain\DataAnalysis.Domain.csproj", "{2D958DC8-E12F-45F8-9E62-ADAFF07C8432}"
EndProject
Project("{FAE04EC0-301F-11D3-BF4B-00C04F79EFBC}") = "DanaAnalysis.Service", "DanaAnalysis.Service\DanaAnalysis.Service.csproj", "{863A07D5-8EED-4296-BB60-D46F58C2FF0A}"
EndProject
Global
	GlobalSection(SolutionConfigurationPlatforms) = preSolution
		Debug|Any CPU = Debug|Any CPU
		Release|Any CPU = Release|Any CPU
	EndGlobalSection
	GlobalSection(ProjectConfigurationPlatforms) = postSolution
		{1DAE8D1A-A9E7-4724-AA23-B48B32A0495C}.Debug|Any CPU.ActiveCfg = Debug|Any CPU
		{1DAE8D1A-A9E7-4724-AA23-B48B32A0495C}.Debug|Any CPU.Build.0 = Debug|Any CPU
		{1DAE8D1A-A9E7-4724-AA23-B48B32A0495C}.Release|Any CPU.ActiveCfg = Release|Any CPU
		{1DAE8D1A-A9E7-4724-AA23-B48B32A0495C}.Release|Any CPU.Build.0 = Release|Any CPU
		{2D958DC8-E12F-45F8-9E62-ADAFF07C8432}.Debug|Any CPU.ActiveCfg = Debug|Any CPU
		{2D958DC8-E12F-45F8-9E62-ADAFF07C8432}.Debug|Any CPU.Build.0 = Debug|Any CPU
		{2D958DC8-E12F-45F8-9E62-ADAFF07C8432}.Release|Any CPU.ActiveCfg = Release|Any CPU
		{2D958DC8-E12F-45F8-9E62-ADAFF07C8432}.Release|Any CPU.Build.0 = Release|Any CPU
		{863A07D5-8EED-4296-BB60-D46F58C2FF0A}.Debug|Any CPU.ActiveCfg = Debug|Any CPU
		{863A07D5-8EED-4296-BB60-D46F58C2FF0A}.Debug|Any CPU.Build.0 = Debug|Any CPU
		{863A07D5-8EED-4296-BB60-D46F58C2FF0A}.Release|Any CPU.ActiveCfg = Release|Any CPU
		{863A07D5-8EED-4296-BB60-D46F58C2FF0A}.Release|Any CPU.Build.0 = Release|Any CPU
	EndGlobalSection
	GlobalSection(SolutionProperties) = preSolution
		HideSolutionNode = FALSE
	EndGlobalSection
	GlobalSection(ExtensibilityGlobals) = postSolution
		SolutionGuid = {7FB852C5-436B-4618-99FD-61DEC05D607D}
	EndGlobalSection
EndGlobal
